{
  "name": "AI-Based-Quality-Check-On-Project-Code-And-Architecture",
  "lockfileVersion": 3,
  "requires": true,
  "packages": {
    "": {
      "devDependencies": {
        "eslint-plugin-security": "^3.0.1"
      }
    },
    "node_modules/eslint-plugin-security": {
      "version": "3.0.1",
      "resolved": "https://registry.npmmirror.com/eslint-plugin-security/-/eslint-plugin-security-3.0.1.tgz",
      "integrity": "sha512-XjVGBhtDZJfyuhIxnQ/WMm385RbX3DBu7H1J7HNNhmB2tnGxMeqVSnYv79oAj992ayvIBZghsymwkYFS6cGH4Q==",
      "dev": true,
      "license": "Apache-2.0",
      "dependencies": {
        "safe-regex": "^2.1.1"
      },
      "engines": {
        "node": "^18.18.0 || ^20.9.0 || >=21.1.0"
      },
      "funding": {
        "url": "https://opencollective.com/eslint"
      }
    },
    "node_modules/regexp-tree": {
      "version": "0.1.27",
      "resolved": "https://registry.npmmirror.com/regexp-tree/-/regexp-tree-0.1.27.tgz",
      "integrity": "sha512-iETxpjK6YoRWJG5o6hXLwvjYAoW+FEZn9os0PD/b6AP6xQwsa/Y7lCVgIixBbUPMfhu+i2LtdeAqVTgGlQarfA==",
      "dev": true,
      "license": "MIT",
      "bin": {
        "regexp-tree": "bin/regexp-tree"
      }
    },
    "node_modules/safe-regex": {
      "version": "2.1.1",
      "resolved": "https://registry.npmmirror.com/safe-regex/-/safe-regex-2.1.1.tgz",
      "integrity": "sha512-rx+x8AMzKb5Q5lQ95Zoi6ZbJqwCLkqi3XuJXp5P3rT8OEc6sZCJG5AE5dU3lsgRr/F4Bs31jSlVN+j5KrsGu9A==",
      "dev": true,
      "license": "MIT",
      "dependencies": {
        "regexp-tree": "~0.1.1"
      }
    }
  }
}
